
Microsoft Visual Studio Solution File, Format Version 12.00
# Visual Studio Version 16
VisualStudioVersion = 16.0.30717.126
MinimumVisualStudioVersion = 10.0.40219.1
Project("{9A19103F-16F7-4668-BE54-9A1E7A4F7556}") = "NumberWordSwapTestConsole", "NumberWordSwapTestConsole\NumberWordSwapTestConsole.csproj", "{8451340C-B9DC-441C-951F-96A0A66C203E}"
EndProject
Project("{9A19103F-16F7-4668-BE54-9A1E7A4F7556}") = "NumberWordSwap", "NumberWordSwap\NumberWordSwap.csproj", "{C2DD469D-FE3B-4900-8D1F-987E364C646B}"
EndProject
Project("{FAE04EC0-301F-11D3-BF4B-00C04F79EFBC}") = "NUnitTestForNumberWordSwap", "NUnitTestForNumberWordSwap\NUnitTestForNumberWordSwap.csproj", "{570AA67F-57AE-4BC8-9304-9E2D83125764}"
EndProject
Global
	GlobalSection(SolutionConfigurationPlatforms) = preSolution
		Debug|Any CPU = Debug|Any CPU
		Release|Any CPU = Release|Any CPU
	EndGlobalSection
	GlobalSection(ProjectConfigurationPlatforms) = postSolution
		{8451340C-B9DC-441C-951F-96A0A66C203E}.Debug|Any CPU.ActiveCfg = Debug|Any CPU
		{8451340C-B9DC-441C-951F-96A0A66C203E}.Debug|Any CPU.Build.0 = Debug|Any CPU
		{8451340C-B9DC-441C-951F-96A0A66C203E}.Release|Any CPU.ActiveCfg = Release|Any CPU
		{8451340C-B9DC-441C-951F-96A0A66C203E}.Release|Any CPU.Build.0 = Release|Any CPU
		{C2DD469D-FE3B-4900-8D1F-987E364C646B}.Debug|Any CPU.ActiveCfg = Debug|Any CPU
		{C2DD469D-FE3B-4900-8D1F-987E364C646B}.Debug|Any CPU.Build.0 = Debug|Any CPU
		{C2DD469D-FE3B-4900-8D1F-987E364C646B}.Release|Any CPU.ActiveCfg = Release|Any CPU
		{C2DD469D-FE3B-4900-8D1F-987E364C646B}.Release|Any CPU.Build.0 = Release|Any CPU
		{570AA67F-57AE-4BC8-9304-9E2D83125764}.Debug|Any CPU.ActiveCfg = Debug|Any CPU
		{570AA67F-57AE-4BC8-9304-9E2D83125764}.Debug|Any CPU.Build.0 = Debug|Any CPU
		{570AA67F-57AE-4BC8-9304-9E2D83125764}.Release|Any CPU.ActiveCfg = Release|Any CPU
		{570AA67F-57AE-4BC8-9304-9E2D83125764}.Release|Any CPU.Build.0 = Release|Any CPU
	EndGlobalSection
	GlobalSection(SolutionProperties) = preSolution
		HideSolutionNode = FALSE
	EndGlobalSection
	GlobalSection(ExtensibilityGlobals) = postSolution
		SolutionGuid = {0F4B7C55-CE17-44B6-8501-F1ACA51EA8C8}
	EndGlobalSection
EndGlobal
